
Microsoft Visual Studio Solution File, Format Version 12.00
# Visual Studio Version 17
VisualStudioVersion = 17.3.32922.545
MinimumVisualStudioVersion = 10.0.40219.1
Project("{FAE04EC0-301F-11D3-BF4B-00C04F79EFBC}") = "QLKTX", "QLKTX\QLKTX.csproj", "{CA91160E-A864-46B6-AC4E-504EAF11D92E}"
EndProject
Global
	GlobalSection(SolutionConfigurationPlatforms) = preSolution
		Debug|Any CPU = Debug|Any CPU
		Release|Any CPU = Release|Any CPU
	EndGlobalSection
	GlobalSection(ProjectConfigurationPlatforms) = postSolution
		{CA91160E-A864-46B6-AC4E-504EAF11D92E}.Debug|Any CPU.ActiveCfg = Debug|Any CPU
		{CA91160E-A864-46B6-AC4E-504EAF11D92E}.Debug|Any CPU.Build.0 = Debug|Any CPU
		{CA91160E-A864-46B6-AC4E-504EAF11D92E}.Release|Any CPU.ActiveCfg = Release|Any CPU
		{CA91160E-A864-46B6-AC4E-504EAF11D92E}.Release|Any CPU.Build.0 = Release|Any CPU
	EndGlobalSection
	GlobalSection(SolutionProperties) = preSolution
		HideSolutionNode = FALSE
	EndGlobalSection
	GlobalSection(ExtensibilityGlobals) = postSolution
		SolutionGuid = {080D7F29-DB1E-427F-9856-8B408BD220CB}
	EndGlobalSection
EndGlobal
